uuid: d6f90869-8a22-43f5-88ee-64453b681b0b
langcode: en
status: true
dependencies:
  module:
    - sample_block
    - system
  theme:
    - olivero
id: sampleblock
theme: olivero
region: sidebar
weight: 0
provider: null
plugin: sample_block
settings:
  id: sample_block
  label: 'Sample Block'
  label_display: visible
  provider: sample_block
visibility:
  request_path:
    id: request_path
    negate: false
    pages: '<front>'
